// !$*UTF8*$!
{
	archiveVersion = 1;
	classes = {
	};
	objectVersion = 51;
	objects = {

/* Begin PBXBuildFile section */
		3C160B0324461F6A00D7CDE0 /* ListingDetailViewController.swift in Sources */ = {isa = PBXBuildFile; fileRef = 3C160B0224461F6A00D7CDE0 /* ListingDetailViewController.swift */; };
		3C160B0724465B7900D7CDE0 /* IndexClass.swift in Sources */ = {isa = PBXBuildFile; fileRef = 3C160B0624465B7900D7CDE0 /* IndexClass.swift */; };
		3C160B09244674A500D7CDE0 /* TableListViewController.swift in Sources */ = {isa = PBXBuildFile; fileRef = 3C160B08244674A500D7CDE0 /* TableListViewController.swift */; };
		3C160B0B244679C100D7CDE0 /* Double + RoundTo.swift in Sources */ = {isa = PBXBuildFile; fileRef = 3C160B0A244679C100D7CDE0 /* Double + RoundTo.swift */; };
		3C160B0D24467C3F00D7CDE0 /* TableListDetailViewController.swift in Sources */ = {isa = PBXBuildFile; fileRef = 3C160B0C24467C3F00D7CDE0 /* TableListDetailViewController.swift */; };
		3C2FB38E2444F00D00066E17 /* UIViewController+alert.swift in Sources */ = {isa = PBXBuildFile; fileRef = 3C2FB38D2444F00D00066E17 /* UIViewController+alert.swift */; };
		3C2FB39424450B6500066E17 /* DetailViewController.swift in Sources */ = {isa = PBXBuildFile; fileRef = 3C2FB39324450B6500066E17 /* DetailViewController.swift */; };
		3C2FB39624450BF000066E17 /* Listing.swift in Sources */ = {isa = PBXBuildFile; fileRef = 3C2FB39524450BF000066E17 /* Listing.swift */; };
		3C2FB398244510A800066E17 /* APIKey.swift in Sources */ = {isa = PBXBuildFile; fileRef = 3C2FB397244510A800066E17 /* APIKey.swift */; };
		3C2FB39C244542B800066E17 /* Listings.swift in Sources */ = {isa = PBXBuildFile; fileRef = 3C2FB39B244542B800066E17 /* Listings.swift */; };
		3C66412E244A4A5A0023E4AD /* PhotosCollectionViewCell.swift in Sources */ = {isa = PBXBuildFile; fileRef = 3C66412D244A4A5A0023E4AD /* PhotosCollectionViewCell.swift */; };
		3C664130244A4AE10023E4AD /* Photo.swift in Sources */ = {isa = PBXBuildFile; fileRef = 3C66412F244A4AE10023E4AD /* Photo.swift */; };
		3C664132244A4AEB0023E4AD /* Photos.swift in Sources */ = {isa = PBXBuildFile; fileRef = 3C664131244A4AEB0023E4AD /* Photos.swift */; };
		3CAB75A02444E41E00B5E368 /* AppDelegate.swift in Sources */ = {isa = PBXBuildFile; fileRef = 3CAB759F2444E41E00B5E368 /* AppDelegate.swift */; };
		3CAB75A22444E41E00B5E368 /* SceneDelegate.swift in Sources */ = {isa = PBXBuildFile; fileRef = 3CAB75A12444E41E00B5E368 /* SceneDelegate.swift */; };
		3CAB75A42444E41E00B5E368 /* ViewController.swift in Sources */ = {isa = PBXBuildFile; fileRef = 3CAB75A32444E41E00B5E368 /* ViewController.swift */; };
		3CAB75A72444E41E00B5E368 /* Main.storyboard in Resources */ = {isa = PBXBuildFile; fileRef = 3CAB75A52444E41E00B5E368 /* Main.storyboard */; };
		3CAB75A92444E42600B5E368 /* Assets.xcassets in Resources */ = {isa = PBXBuildFile; fileRef = 3CAB75A82444E42600B5E368 /* Assets.xcassets */; };
		3CAB75AC2444E42600B5E368 /* LaunchScreen.storyboard in Resources */ = {isa = PBXBuildFile; fileRef = 3CAB75AA2444E42600B5E368 /* LaunchScreen.storyboard */; };
		3CAB75B42444E48E00B5E368 /* GoogleService-Info.plist in Resources */ = {isa = PBXBuildFile; fileRef = 3CAB75B32444E48E00B5E368 /* GoogleService-Info.plist */; };
		3CBE85CC2448BFFF00A9721D /* FiltersViewController.swift in Sources */ = {isa = PBXBuildFile; fileRef = 3CBE85CB2448BFFF00A9721D /* FiltersViewController.swift */; };
		E891DF7DDD8AF4451022CCE9 /* Pods_Eagle_Sublease.framework in Frameworks */ = {isa = PBXBuildFile; fileRef = 07C3A8EA19582EF0658EA80E /* Pods_Eagle_Sublease.framework */; };
/* End PBXBuildFile section */

/* Begin PBXFileReference section */
		071965E96B0D1F5893B2B144 /* Pods-Eagle Sublease.debug.xcconfig */ = {isa = PBXFileReference; includeInIndex = 1; lastKnownFileType = text.xcconfig; name = "Pods-Eagle Sublease.debug.xcconfig"; path = "Target Support Files/Pods-Eagle Sublease/Pods-Eagle Sublease.debug.xcconfig"; sourceTree = "<group>"; };
		07C3A8EA19582EF0658EA80E /* Pods_Eagle_Sublease.framework */ = {isa = PBXFileReference; explicitFileType = wrapper.framework; includeInIndex = 0; path = Pods_Eagle_Sublease.framework; sourceTree = BUILT_PRODUCTS_DIR; };
		3C160B0224461F6A00D7CDE0 /* ListingDetailViewController.swift */ = {isa = PBXFileReference; lastKnownFileType = sourcecode.swift; path = ListingDetailViewController.swift; sourceTree = "<group>"; };
		3C160B0624465B7900D7CDE0 /* IndexClass.swift */ = {isa = PBXFileReference; lastKnownFileType = sourcecode.swift; path = IndexClass.swift; sourceTree = "<group>"; };
		3C160B08244674A500D7CDE0 /* TableListViewController.swift */ = {isa = PBXFileReference; lastKnownFileType = sourcecode.swift; path = TableListViewController.swift; sourceTree = "<group>"; };
		3C160B0A244679C100D7CDE0 /* Double + RoundTo.swift */ = {isa = PBXFileReference; lastKnownFileType = sourcecode.swift; path = "Double + RoundTo.swift"; sourceTree = "<group>"; };
		3C160B0C24467C3F00D7CDE0 /* TableListDetailViewController.swift */ = {isa = PBXFileReference; lastKnownFileType = sourcecode.swift; path = TableListDetailViewController.swift; sourceTree = "<group>"; };
		3C2FB38D2444F00D00066E17 /* UIViewController+alert.swift */ = {isa = PBXFileReference; lastKnownFileType = sourcecode.swift; path = "UIViewController+alert.swift"; sourceTree = "<group>"; };
		3C2FB39324450B6500066E17 /* DetailViewController.swift */ = {isa = PBXFileReference; lastKnownFileType = sourcecode.swift; path = DetailViewController.swift; sourceTree = "<group>"; };
		3C2FB39524450BF000066E17 /* Listing.swift */ = {isa = PBXFileReference; lastKnownFileType = sourcecode.swift; path = Listing.swift; sourceTree = "<group>"; };
		3C2FB397244510A800066E17 /* APIKey.swift */ = {isa = PBXFileReference; lastKnownFileType = sourcecode.swift; path = APIKey.swift; sourceTree = "<group>"; };
		3C2FB39B244542B800066E17 /* Listings.swift */ = {isa = PBXFileReference; lastKnownFileType = sourcecode.swift; path = Listings.swift; sourceTree = "<group>"; };
		3C66412D244A4A5A0023E4AD /* PhotosCollectionViewCell.swift */ = {isa = PBXFileReference; lastKnownFileType = sourcecode.swift; path = PhotosCollectionViewCell.swift; sourceTree = "<group>"; };
		3C66412F244A4AE10023E4AD /* Photo.swift */ = {isa = PBXFileReference; lastKnownFileType = sourcecode.swift; path = Photo.swift; sourceTree = "<group>"; };
		3C664131244A4AEB0023E4AD /* Photos.swift */ = {isa = PBXFileReference; lastKnownFileType = sourcecode.swift; path = Photos.swift; sourceTree = "<group>"; };
		3CAB759C2444E41E00B5E368 /* Eagle Sublease.app */ = {isa = PBXFileReference; explicitFileType = wrapper.application; includeInIndex = 0; path = "Eagle Sublease.app"; sourceTree = BUILT_PRODUCTS_DIR; };
		3CAB759F2444E41E00B5E368 /* AppDelegate.swift */ = {isa = PBXFileReference; lastKnownFileType = sourcecode.swift; path = AppDelegate.swift; sourceTree = "<group>"; };
		3CAB75A12444E41E00B5E368 /* SceneDelegate.swift */ = {isa = PBXFileReference; lastKnownFileType = sourcecode.swift; path = SceneDelegate.swift; sourceTree = "<group>"; };
		3CAB75A32444E41E00B5E368 /* ViewController.swift */ = {isa = PBXFileReference; lastKnownFileType = sourcecode.swift; path = ViewController.swift; sourceTree = "<group>"; };
		3CAB75A62444E41E00B5E368 /* Base */ = {isa = PBXFileReference; lastKnownFileType = file.storyboard; name = Base; path = Base.lproj/Main.storyboard; sourceTree = "<group>"; };
		3CAB75A82444E42600B5E368 /* Assets.xcassets */ = {isa = PBXFileReference; lastKnownFileType = folder.assetcatalog; path = Assets.xcassets; sourceTree = "<group>"; };
		3CAB75AB2444E42600B5E368 /* Base */ = {isa = PBXFileReference; lastKnownFileType = file.storyboard; name = Base; path = Base.lproj/LaunchScreen.storyboard; sourceTree = "<group>"; };
		3CAB75AD2444E42600B5E368 /* Info.plist */ = {isa = PBXFileReference; lastKnownFileType = text.plist.xml; path = Info.plist; sourceTree = "<group>"; };
		3CAB75B32444E48E00B5E368 /* GoogleService-Info.plist */ = {isa = PBXFileReference; lastKnownFileType = text.plist; path = "GoogleService-Info.plist"; sourceTree = SOURCE_ROOT; };
		3CBE85CB2448BFFF00A9721D /* FiltersViewController.swift */ = {isa = PBXFileReference; lastKnownFileType = sourcecode.swift; path = FiltersViewController.swift; sourceTree = "<group>"; };
		98753910B4DE1DDF39A217A3 /* Pods-Eagle Sublease.release.xcconfig */ = {isa = PBXFileReference; includeInIndex = 1; lastKnownFileType = text.xcconfig; name = "Pods-Eagle Sublease.release.xcconfig"; path = "Target Support Files/Pods-Eagle Sublease/Pods-Eagle Sublease.release.xcconfig"; sourceTree = "<group>"; };
/* End PBXFileReference section */

/* Begin PBXFrameworksBuildPhase section */
		3CAB75992444E41E00B5E368 /* Frameworks */ = {
			isa = PBXFrameworksBuildPhase;
			buildActionMask = 2147483647;
			files = (
				E891DF7DDD8AF4451022CCE9 /* Pods_Eagle_Sublease.framework in Frameworks */,
			);
			runOnlyForDeploymentPostprocessing = 0;
		};
/* End PBXFrameworksBuildPhase section */

/* Begin PBXGroup section */
		3CAB75932444E41E00B5E368 = {
			isa = PBXGroup;
			children = (
				3CAB759E2444E41E00B5E368 /* Eagle Sublease */,
				3CAB759D2444E41E00B5E368 /* Products */,
				5868368730B87544842A05D9 /* Pods */,
				AFEF71CEAA180B1481EFDB97 /* Frameworks */,
			);
			sourceTree = "<group>";
		};
		3CAB759D2444E41E00B5E368 /* Products */ = {
			isa = PBXGroup;
			children = (
				3CAB759C2444E41E00B5E368 /* Eagle Sublease.app */,
			);
			name = Products;
			sourceTree = "<group>";
		};
		3CAB759E2444E41E00B5E368 /* Eagle Sublease */ = {
			isa = PBXGroup;
			children = (
				3CAB759F2444E41E00B5E368 /* AppDelegate.swift */,
				3CAB75A12444E41E00B5E368 /* SceneDelegate.swift */,
				3C2FB39B244542B800066E17 /* Listings.swift */,
				3C2FB39524450BF000066E17 /* Listing.swift */,
				3C664131244A4AEB0023E4AD /* Photos.swift */,
				3C66412F244A4AE10023E4AD /* Photo.swift */,
				3C160B0624465B7900D7CDE0 /* IndexClass.swift */,
				3CAB75A32444E41E00B5E368 /* ViewController.swift */,
				3C2FB39324450B6500066E17 /* DetailViewController.swift */,
				3C160B0224461F6A00D7CDE0 /* ListingDetailViewController.swift */,
				3C160B08244674A500D7CDE0 /* TableListViewController.swift */,
				3C160B0C24467C3F00D7CDE0 /* TableListDetailViewController.swift */,
				3CBE85CB2448BFFF00A9721D /* FiltersViewController.swift */,
				3C66412D244A4A5A0023E4AD /* PhotosCollectionViewCell.swift */,
				3C2FB38D2444F00D00066E17 /* UIViewController+alert.swift */,
				3C160B0A244679C100D7CDE0 /* Double + RoundTo.swift */,
				3CAB75A52444E41E00B5E368 /* Main.storyboard */,
				3CAB75A82444E42600B5E368 /* Assets.xcassets */,
				3CAB75AA2444E42600B5E368 /* LaunchScreen.storyboard */,
				3CAB75AD2444E42600B5E368 /* Info.plist */,
				3CAB75B32444E48E00B5E368 /* GoogleService-Info.plist */,
				3C2FB397244510A800066E17 /* APIKey.swift */,
			);
			path = "Eagle Sublease";
			sourceTree = "<group>";
		};
		5868368730B87544842A05D9 /* Pods */ = {
			isa = PBXGroup;
			children = (
				071965E96B0D1F5893B2B144 /* Pods-Eagle Sublease.debug.xcconfig */,
				98753910B4DE1DDF39A217A3 /* Pods-Eagle Sublease.release.xcconfig */,
			);
			path = Pods;
			sourceTree = "<group>";
		};
		AFEF71CEAA180B1481EFDB97 /* Frameworks */ = {
			isa = PBXGroup;
			children = (
				07C3A8EA19582EF0658EA80E /* Pods_Eagle_Sublease.framework */,
			);
			name = Frameworks;
			sourceTree = "<group>";
		};
/* End PBXGroup section */

/* Begin PBXNativeTarget section */
		3CAB759B2444E41E00B5E368 /* Eagle Sublease */ = {
			isa = PBXNativeTarget;
			buildConfigurationList = 3CAB75B02444E42600B5E368 /* Build configuration list for PBXNativeTarget "Eagle Sublease" */;
			buildPhases = (
				237C70C1740CA3EBECA881AA /* [CP] Check Pods Manifest.lock */,
				3CAB75982444E41E00B5E368 /* Sources */,
				3CAB75992444E41E00B5E368 /* Frameworks */,
				3CAB759A2444E41E00B5E368 /* Resources */,
				08AA4C443A54B2437BC29F78 /* [CP] Embed Pods Frameworks */,
				3F2F28D27C524DD73D72F428 /* [CP] Copy Pods Resources */,
			);
			buildRules = (
			);
			dependencies = (
			);
			name = "Eagle Sublease";
			productName = "Eagle Sublease";
			productReference = 3CAB759C2444E41E00B5E368 /* Eagle Sublease.app */;
			productType = "com.apple.product-type.application";
		};
/* End PBXNativeTarget section */

/* Begin PBXProject section */
		3CAB75942444E41E00B5E368 /* Project object */ = {
			isa = PBXProject;
			attributes = {
				LastSwiftUpdateCheck = 1130;
				LastUpgradeCheck = 1130;
				ORGANIZATIONNAME = "Kyle Gangi";
				TargetAttributes = {
					3CAB759B2444E41E00B5E368 = {
						CreatedOnToolsVersion = 11.3;
					};
				};
			};
			buildConfigurationList = 3CAB75972444E41E00B5E368 /* Build configuration list for PBXProject "Eagle Sublease" */;
			compatibilityVersion = "Xcode 9.3";
			developmentRegion = en;
			hasScannedForEncodings = 0;
			knownRegions = (
				en,
				Base,
			);
			mainGroup = 3CAB75932444E41E00B5E368;
			productRefGroup = 3CAB759D2444E41E00B5E368 /* Products */;
			projectDirPath = "";
			projectRoot = "";
			targets = (
				3CAB759B2444E41E00B5E368 /* Eagle Sublease */,
			);
		};
/* End PBXProject section */

/* Begin PBXResourcesBuildPhase section */
		3CAB759A2444E41E00B5E368 /* Resources */ = {
			isa = PBXResourcesBuildPhase;
			buildActionMask = 2147483647;
			files = (
				3CAB75AC2444E42600B5E368 /* LaunchScreen.storyboard in Resources */,
				3CAB75B42444E48E00B5E368 /* GoogleService-Info.plist in Resources */,
				3CAB75A92444E42600B5E368 /* Assets.xcassets in Resources */,
				3CAB75A72444E41E00B5E368 /* Main.storyboard in Resources */,
			);
			runOnlyForDeploymentPostprocessing = 0;
		};
/* End PBXResourcesBuildPhase section */

/* Begin PBXShellScriptBuildPhase section */
		08AA4C443A54B2437BC29F78 /* [CP] Embed Pods Frameworks */ = {
			isa = PBXShellScriptBuildPhase;
			buildActionMask = 2147483647;
			files = (
			);
			inputFileListPaths = (
				"${PODS_ROOT}/Target Support Files/Pods-Eagle Sublease/Pods-Eagle Sublease-frameworks-${CONFIGURATION}-input-files.xcfilelist",
			);
			name = "[CP] Embed Pods Frameworks";
			outputFileListPaths = (
				"${PODS_ROOT}/Target Support Files/Pods-Eagle Sublease/Pods-Eagle Sublease-frameworks-${CONFIGURATION}-output-files.xcfilelist",
			);
			runOnlyForDeploymentPostprocessing = 0;
			shellPath = /bin/sh;
			shellScript = "\"${PODS_ROOT}/Target Support Files/Pods-Eagle Sublease/Pods-Eagle Sublease-frameworks.sh\"\n";
			showEnvVarsInLog = 0;
		};
		237C70C1740CA3EBECA881AA /* [CP] Check Pods Manifest.lock */ = {
			isa = PBXShellScriptBuildPhase;
			buildActionMask = 2147483647;
			files = (
			);
			inputFileListPaths = (
			);
			inputPaths = (
				"${PODS_PODFILE_DIR_PATH}/Podfile.lock",
				"${PODS_ROOT}/Manifest.lock",
			);
			name = "[CP] Check Pods Manifest.lock";
			outputFileListPaths = (
			);
			outputPaths = (
				"$(DERIVED_FILE_DIR)/Pods-Eagle Sublease-checkManifestLockResult.txt",
			);
			runOnlyForDeploymentPostprocessing = 0;
			shellPath = /bin/sh;
			shellScript = "diff \"${PODS_PODFILE_DIR_PATH}/Podfile.lock\" \"${PODS_ROOT}/Manifest.lock\" > /dev/null\nif [ $? != 0 ] ; then\n    # print error to STDERR\n    echo \"error: The sandbox is not in sync with the Podfile.lock. Run 'pod install' or update your CocoaPods installation.\" >&2\n    exit 1\nfi\n# This output is used by Xcode 'outputs' to avoid re-running this script phase.\necho \"SUCCESS\" > \"${SCRIPT_OUTPUT_FILE_0}\"\n";
			showEnvVarsInLog = 0;
		};
		3F2F28D27C524DD73D72F428 /* [CP] Copy Pods Resources */ = {
			isa = PBXShellScriptBuildPhase;
			buildActionMask = 2147483647;
			files = (
			);
			inputFileListPaths = (
				"${PODS_ROOT}/Target Support Files/Pods-Eagle Sublease/Pods-Eagle Sublease-resources-${CONFIGURATION}-input-files.xcfilelist",
			);
			name = "[CP] Copy Pods Resources";
			outputFileListPaths = (
				"${PODS_ROOT}/Target Support Files/Pods-Eagle Sublease/Pods-Eagle Sublease-resources-${CONFIGURATION}-output-files.xcfilelist",
			);
			runOnlyForDeploymentPostprocessing = 0;
			shellPath = /bin/sh;
			shellScript = "\"${PODS_ROOT}/Target Support Files/Pods-Eagle Sublease/Pods-Eagle Sublease-resources.sh\"\n";
			showEnvVarsInLog = 0;
		};
/* End PBXShellScriptBuildPhase section */

/* Begin PBXSourcesBuildPhase section */
		3CAB75982444E41E00B5E368 /* Sources */ = {
			isa = PBXSourcesBuildPhase;
			buildActionMask = 2147483647;
			files = (
				3C664130244A4AE10023E4AD /* Photo.swift in Sources */,
				3CAB75A42444E41E00B5E368 /* ViewController.swift in Sources */,
				3C2FB398244510A800066E17 /* APIKey.swift in Sources */,
				3CBE85CC2448BFFF00A9721D /* FiltersViewController.swift in Sources */,
				3C160B0B244679C100D7CDE0 /* Double + RoundTo.swift in Sources */,
				3C160B09244674A500D7CDE0 /* TableListViewController.swift in Sources */,
				3CAB75A02444E41E00B5E368 /* AppDelegate.swift in Sources */,
				3C160B0D24467C3F00D7CDE0 /* TableListDetailViewController.swift in Sources */,
				3C2FB39424450B6500066E17 /* DetailViewController.swift in Sources */,
				3CAB75A22444E41E00B5E368 /* SceneDelegate.swift in Sources */,
				3C2FB39624450BF000066E17 /* Listing.swift in Sources */,
				3C160B0324461F6A00D7CDE0 /* ListingDetailViewController.swift in Sources */,
				3C664132244A4AEB0023E4AD /* Photos.swift in Sources */,
				3C66412E244A4A5A0023E4AD /* PhotosCollectionViewCell.swift in Sources */,
				3C2FB39C244542B800066E17 /* Listings.swift in Sources */,
				3C2FB38E2444F00D00066E17 /* UIViewController+alert.swift in Sources */,
				3C160B0724465B7900D7CDE0 /* IndexClass.swift in Sources */,
			);
			runOnlyForDeploymentPostprocessing = 0;
		};
/* End PBXSourcesBuildPhase section */

/* Begin PBXVariantGroup section */
		3CAB75A52444E41E00B5E368 /* Main.storyboard */ = {
			isa = PBXVariantGroup;
			children = (
				3CAB75A62444E41E00B5E368 /* Base */,
			);
			name = Main.storyboard;
			sourceTree = "<group>";
		};
		3CAB75AA2444E42600B5E368 /* LaunchScreen.storyboard */ = {
			isa = PBXVariantGroup;
			children = (
				3CAB75AB2444E42600B5E368 /* Base */,
			);
			name = LaunchScreen.storyboard;
			sourceTree = "<group>";
		};
/* End PBXVariantGroup section */

/* Begin XCBuildConfiguration section */
		3CAB75AE2444E42600B5E368 /* Debug */ = {
			isa = XCBuildConfiguration;
			buildSettings = {
				ALWAYS_SEARCH_USER_PATHS = NO;
				CLANG_ANALYZER_NONNULL = YES;
				CLANG_ANALYZER_NUMBER_OBJECT_CONVERSION = YES_AGGRESSIVE;
				CLANG_CXX_LANGUAGE_STANDARD = "gnu++14";
				CLANG_CXX_LIBRARY = "libc++";
				CLANG_ENABLE_MODULES = YES;
				CLANG_ENABLE_OBJC_ARC = YES;
				CLANG_ENABLE_OBJC_WEAK = YES;
				CLANG_WARN_BLOCK_CAPTURE_AUTORELEASING = YES;
				CLANG_WARN_BOOL_CONVERSION = YES;
				CLANG_WARN_COMMA = YES;
				CLANG_WARN_CONSTANT_CONVERSION = YES;
				CLANG_WARN_DEPRECATED_OBJC_IMPLEMENTATIONS = YES;
				CLANG_WARN_DIRECT_OBJC_ISA_USAGE = YES_ERROR;
				CLANG_WARN_DOCUMENTATION_COMMENTS = YES;
				CLANG_WARN_EMPTY_BODY = YES;
				CLANG_WARN_ENUM_CONVERSION = YES;
				CLANG_WARN_INFINITE_RECURSION = YES;
				CLANG_WARN_INT_CONVERSION = YES;
				CLANG_WARN_NON_LITERAL_NULL_CONVERSION = YES;
				CLANG_WARN_OBJC_IMPLICIT_RETAIN_SELF = YES;
				CLANG_WARN_OBJC_LITERAL_CONVERSION = YES;
				CLANG_WARN_OBJC_ROOT_CLASS = YES_ERROR;
				CLANG_WARN_RANGE_LOOP_ANALYSIS = YES;
				CLANG_WARN_STRICT_PROTOTYPES = YES;
				CLANG_WARN_SUSPICIOUS_MOVE = YES;
				CLANG_WARN_UNGUARDED_AVAILABILITY = YES_AGGRESSIVE;
				CLANG_WARN_UNREACHABLE_CODE = YES;
				CLANG_WARN__DUPLICATE_METHOD_MATCH = YES;
				COPY_PHASE_STRIP = NO;
				DEBUG_INFORMATION_FORMAT = dwarf;
				ENABLE_STRICT_OBJC_MSGSEND = YES;
				ENABLE_TESTABILITY = YES;
				GCC_C_LANGUAGE_STANDARD = gnu11;
				GCC_DYNAMIC_NO_PIC = NO;
				GCC_NO_COMMON_BLOCKS = YES;
				GCC_OPTIMIZATION_LEVEL = 0;
				GCC_PREPROCESSOR_DEFINITIONS = (
					"DEBUG=1",
					"$(inherited)",
				);
				GCC_WARN_64_TO_32_BIT_CONVERSION = YES;
				GCC_WARN_ABOUT_RETURN_TYPE = YES_ERROR;
				GCC_WARN_UNDECLARED_SELECTOR = YES;
				GCC_WARN_UNINITIALIZED_AUTOS = YES_AGGRESSIVE;
				GCC_WARN_UNUSED_FUNCTION = YES;
				GCC_WARN_UNUSED_VARIABLE = YES;
				IPHONEOS_DEPLOYMENT_TARGET = 13.2;
				MTL_ENABLE_DEBUG_INFO = INCLUDE_SOURCE;
				MTL_FAST_MATH = YES;
				ONLY_ACTIVE_ARCH = YES;
				SDKROOT = iphoneos;
				SWIFT_ACTIVE_COMPILATION_CONDITIONS = DEBUG;
				SWIFT_OPTIMIZATION_LEVEL = "-Onone";
			};
			name = Debug;
		};
		3CAB75AF2444E42600B5E368 /* Release */ = {
			isa = XCBuildConfiguration;
			buildSettings = {
				ALWAYS_SEARCH_USER_PATHS = NO;
				CLANG_ANALYZER_NONNULL = YES;
				CLANG_ANALYZER_NUMBER_OBJECT_CONVERSION = YES_AGGRESSIVE;
				CLANG_CXX_LANGUAGE_STANDARD = "gnu++14";
				CLANG_CXX_LIBRARY = "libc++";
				CLANG_ENABLE_MODULES = YES;
				CLANG_ENABLE_OBJC_ARC = YES;
				CLANG_ENABLE_OBJC_WEAK = YES;
				CLANG_WARN_BLOCK_CAPTURE_AUTORELEASING = YES;
				CLANG_WARN_BOOL_CONVERSION = YES;
				CLANG_WARN_COMMA = YES;
				CLANG_WARN_CONSTANT_CONVERSION = YES;
				CLANG_WARN_DEPRECATED_OBJC_IMPLEMENTATIONS = YES;
				CLANG_WARN_DIRECT_OBJC_ISA_USAGE = YES_ERROR;
				CLANG_WARN_DOCUMENTATION_COMMENTS = YES;
				CLANG_WARN_EMPTY_BODY = YES;
				CLANG_WARN_ENUM_CONVERSION = YES;
				CLANG_WARN_INFINITE_RECURSION = YES;
				CLANG_WARN_INT_CONVERSION = YES;
				CLANG_WARN_NON_LITERAL_NULL_CONVERSION = YES;
				CLANG_WARN_OBJC_IMPLICIT_RETAIN_SELF = YES;
				CLANG_WARN_OBJC_LITERAL_CONVERSION = YES;
				CLANG_WARN_OBJC_ROOT_CLASS = YES_ERROR;
				CLANG_WARN_RANGE_LOOP_ANALYSIS = YES;
				CLANG_WARN_STRICT_PROTOTYPES = YES;
				CLANG_WARN_SUSPICIOUS_MOVE = YES;
				CLANG_WARN_UNGUARDED_AVAILABILITY = YES_AGGRESSIVE;
				CLANG_WARN_UNREACHABLE_CODE = YES;
				CLANG_WARN__DUPLICATE_METHOD_MATCH = YES;
				COPY_PHASE_STRIP = NO;
				DEBUG_INFORMATION_FORMAT = "dwarf-with-dsym";
				ENABLE_NS_ASSERTIONS = NO;
				ENABLE_STRICT_OBJC_MSGSEND = YES;
				GCC_C_LANGUAGE_STANDARD = gnu11;
				GCC_NO_COMMON_BLOCKS = YES;
				GCC_WARN_64_TO_32_BIT_CONVERSION = YES;
				GCC_WARN_ABOUT_RETURN_TYPE = YES_ERROR;
				GCC_WARN_UNDECLARED_SELECTOR = YES;
				GCC_WARN_UNINITIALIZED_AUTOS = YES_AGGRESSIVE;
				GCC_WARN_UNUSED_FUNCTION = YES;
				GCC_WARN_UNUSED_VARIABLE = YES;
				IPHONEOS_DEPLOYMENT_TARGET = 13.2;
				MTL_ENABLE_DEBUG_INFO = NO;
				MTL_FAST_MATH = YES;
				SDKROOT = iphoneos;
				SWIFT_COMPILATION_MODE = wholemodule;
				SWIFT_OPTIMIZATION_LEVEL = "-O";
				VALIDATE_PRODUCT = YES;
			};
			name = Release;
		};
		3CAB75B12444E42600B5E368 /* Debug */ = {
			isa = XCBuildConfiguration;
			baseConfigurationReference = 071965E96B0D1F5893B2B144 /* Pods-Eagle Sublease.debug.xcconfig */;
			buildSettings = {
				ASSETCATALOG_COMPILER_APPICON_NAME = AppIcon;
				CODE_SIGN_STYLE = Automatic;
				DEVELOPMENT_TEAM = 36QCK82T32;
				INFOPLIST_FILE = "Eagle Sublease/Info.plist";
				LD_RUNPATH_SEARCH_PATHS = (
					"$(inherited)",
					"@executable_path/Frameworks",
				);
				PRODUCT_BUNDLE_IDENTIFIER = "com.gangi.Eagle-Sublease";
				PRODUCT_NAME = "$(TARGET_NAME)";
				SWIFT_VERSION = 5.0;
				TARGETED_DEVICE_FAMILY = "1,2";
			};
			name = Debug;
		};
		3CAB75B22444E42600B5E368 /* Release */ = {
			isa = XCBuildConfiguration;
			baseConfigurationReference = 98753910B4DE1DDF39A217A3 /* Pods-Eagle Sublease.release.xcconfig */;
			buildSettings = {
				ASSETCATALOG_COMPILER_APPICON_NAME = AppIcon;
				CODE_SIGN_STYLE = Automatic;
				DEVELOPMENT_TEAM = 36QCK82T32;
				INFOPLIST_FILE = "Eagle Sublease/Info.plist";
				LD_RUNPATH_SEARCH_PATHS = (
					"$(inherited)",
					"@executable_path/Frameworks",
				);
				PRODUCT_BUNDLE_IDENTIFIER = "com.gangi.Eagle-Sublease";
				PRODUCT_NAME = "$(TARGET_NAME)";
				SWIFT_VERSION = 5.0;
				TARGETED_DEVICE_FAMILY = "1,2";
			};
			name = Release;
		};
/* End XCBuildConfiguration section */

/* Begin XCConfigurationList section */
		3CAB75972444E41E00B5E368 /* Build configuration list for PBXProject "Eagle Sublease" */ = {
			isa = XCConfigurationList;
			buildConfigurations = (
				3CAB75AE2444E42600B5E368 /* Debug */,
				3CAB75AF2444E42600B5E368 /* Release */,
			);
			defaultConfigurationIsVisible = 0;
			defaultConfigurationName = Release;
		};
		3CAB75B02444E42600B5E368 /* Build configuration list for PBXNativeTarget "Eagle Sublease" */ = {
			isa = XCConfigurationList;
			buildConfigurations = (
				3CAB75B12444E42600B5E368 /* Debug */,
				3CAB75B22444E42600B5E368 /* Release */,
			);
			defaultConfigurationIsVisible = 0;
			defaultConfigurationName = Release;
		};
/* End XCConfigurationList section */
	};
	rootObject = 3CAB75942444E41E00B5E368 /* Project object */;
}
